<?xml version="1.0" encoding="utf-8"?>
<Project ToolsVersion="4.0" xmlns="http://schemas.microsoft.com/developer/msbuild/2003">
  <ItemGroup>
    <ClCompile Include="..\..\include\dlib\all\source.cpp" />
  </ItemGroup>
  <ItemGroup>
    <ClInclude Include="..\..\include\dlib\simd\simd_check.h" />
    <ClInclude Include="..\..\include\dlib\simd\simd4f.h" />
    <ClInclude Include="..\..\include\dlib\simd\simd4i.h" />
    <ClInclude Include="..\..\include\dlib\simd\simd8f.h" />
    <ClInclude Include="..\..\include\dlib\simd\simd8i.h" />
  </ItemGroup>
</Project>