
Microsoft Visual Studio Solution File, Format Version 12.00
# Visual Studio 14
VisualStudioVersion = 14.0.25420.1
MinimumVisualStudioVersion = 10.0.40219.1
Project("{8BC9CEB8-8B4A-11D0-8D11-00A0C91BC942}") = "openface", "src\OpenFace\OpenFace.vcxproj", "{7C2FADC2-D357-46FC-B7C7-5A5C56DB3AF9}"
EndProject
Project("{8BC9CEB8-8B4A-11D0-8D11-00A0C91BC942}") = "dlib", "src\dlib\dlib.vcxproj", "{C5648B5C-B156-49EC-B9AE-361A3E969940}"
EndProject
Project("{8BC9CEB8-8B4A-11D0-8D11-00A0C91BC942}") = "zlib", "src\zlib\zlib.vcxproj", "{E2C146F9-F840-4C21-9CA9-E1DD9649AB7A}"
EndProject
Project("{8BC9CEB8-8B4A-11D0-8D11-00A0C91BC942}") = "libpng", "src\libpng\LibPNG.vcxproj", "{7DB10B50-CE00-4D7A-B322-6824F05D2FCB}"
EndProject
Project("{8BC9CEB8-8B4A-11D0-8D11-00A0C91BC942}") = "oscpack", "src\oscpack\oscpack.vcxproj", "{EC69DA03-FF40-4B83-A2C0-C88B57AAB195}"
EndProject
Project("{2150E333-8FDC-42A3-9474-1A3956D46DE8}") = "opencv", "src\opencv", "{47B02C1C-7B45-4F95-A715-C7D09B3A07C5}"
EndProject
Project("{8BC9CEB8-8B4A-11D0-8D11-00A0C91BC942}") = "opencv-core", "src\opencv-core\opencv-core.vcxproj", "{FB3D86B1-FF71-4F80-9E97-1552CC95C010}"
EndProject
Project("{8BC9CEB8-8B4A-11D0-8D11-00A0C91BC942}") = "opencv-calib3d", "src\opencv-calib3d\opencv-calib3d.vcxproj", "{BDC4844D-6791-494F-9D92-70CD4175B006}"
EndProject
Project("{8BC9CEB8-8B4A-11D0-8D11-00A0C91BC942}") = "opencv-highui", "src\opencv-highui\opencv-highui.vcxproj", "{3A84CB69-CEAD-42F5-9CE3-D39CCD7E5D2A}"
EndProject
Project("{8BC9CEB8-8B4A-11D0-8D11-00A0C91BC942}") = "opencv-imgcodecs", "src\opencv-imgcodecs\opencv-imgcodecs.vcxproj", "{ED6E7109-B2D9-412D-A654-A00421DD923C}"
EndProject
Project("{8BC9CEB8-8B4A-11D0-8D11-00A0C91BC942}") = "opencv-imgproc", "src\opencv-imgproc\opencv-imgproc.vcxproj", "{C221E745-5054-40F0-AE69-35143E744E2B}"
EndProject
Project("{8BC9CEB8-8B4A-11D0-8D11-00A0C91BC942}") = "opencv-objdetect", "src\opencv-objdetect\opencv-objdetect.vcxproj", "{5313153F-55EE-4315-B31F-92C971067D88}"
EndProject
Project("{8BC9CEB8-8B4A-11D0-8D11-00A0C91BC942}") = "opencv-videoio", "src\opencv-videoio\opencv-videoio.vcxproj", "{EBD55D4C-9B9C-4289-96FE-1B86DD32FE5D}"
EndProject
Project("{8BC9CEB8-8B4A-11D0-8D11-00A0C91BC942}") = "tbb", "src\tbb\tbb.vcxproj", "{5DC27D08-0E3B-49DA-B08D-2C7502B5B2FE}"
EndProject
Project("{8BC9CEB8-8B4A-11D0-8D11-00A0C91BC942}") = "tbb-asm-x86", "src\tbb-asm-x86\tbb-asm-x86.vcxproj", "{38873D1F-4EAF-4B2A-B2E1-5FDB5E0213F7}"
EndProject
Project("{8BC9CEB8-8B4A-11D0-8D11-00A0C91BC942}") = "tbb-asm-x64", "src\tbb-asm-x64\tbb-asm-x64.vcxproj", "{E8CDA95C-4330-44D5-A22E-4D8477771E30}"
EndProject
Project("{8BC9CEB8-8B4A-11D0-8D11-00A0C91BC942}") = "libsvm", "src\libsvm\libsvm.vcxproj", "{3F664B05-7A40-403F-BD85-2F3B71F35BC9}"
EndProject
Global
	GlobalSection(SolutionConfigurationPlatforms) = preSolution
		Debug|x64 = Debug|x64
		Debug|x86 = Debug|x86
		Release|x64 = Release|x64
		Release|x86 = Release|x86
	EndGlobalSection
	GlobalSection(ProjectConfigurationPlatforms) = postSolution
		{7C2FADC2-D357-46FC-B7C7-5A5C56DB3AF9}.Debug|x64.ActiveCfg = Debug|x64
		{7C2FADC2-D357-46FC-B7C7-5A5C56DB3AF9}.Debug|x64.Build.0 = Debug|x64
		{7C2FADC2-D357-46FC-B7C7-5A5C56DB3AF9}.Debug|x86.ActiveCfg = Debug|Win32
		{7C2FADC2-D357-46FC-B7C7-5A5C56DB3AF9}.Debug|x86.Build.0 = Debug|Win32
		{7C2FADC2-D357-46FC-B7C7-5A5C56DB3AF9}.Release|x64.ActiveCfg = Release|x64
		{7C2FADC2-D357-46FC-B7C7-5A5C56DB3AF9}.Release|x64.Build.0 = Release|x64
		{7C2FADC2-D357-46FC-B7C7-5A5C56DB3AF9}.Release|x86.ActiveCfg = Release|Win32
		{7C2FADC2-D357-46FC-B7C7-5A5C56DB3AF9}.Release|x86.Build.0 = Release|Win32
		{C5648B5C-B156-49EC-B9AE-361A3E969940}.Debug|x64.ActiveCfg = Debug|x64
		{C5648B5C-B156-49EC-B9AE-361A3E969940}.Debug|x64.Build.0 = Debug|x64
		{C5648B5C-B156-49EC-B9AE-361A3E969940}.Debug|x86.ActiveCfg = Debug|Win32
		{C5648B5C-B156-49EC-B9AE-361A3E969940}.Debug|x86.Build.0 = Debug|Win32
		{C5648B5C-B156-49EC-B9AE-361A3E969940}.Release|x64.ActiveCfg = Release|x64
		{C5648B5C-B156-49EC-B9AE-361A3E969940}.Release|x64.Build.0 = Release|x64
		{C5648B5C-B156-49EC-B9AE-361A3E969940}.Release|x86.ActiveCfg = Release|Win32
		{C5648B5C-B156-49EC-B9AE-361A3E969940}.Release|x86.Build.0 = Release|Win32
		{E2C146F9-F840-4C21-9CA9-E1DD9649AB7A}.Debug|x64.ActiveCfg = Debug|x64
		{E2C146F9-F840-4C21-9CA9-E1DD9649AB7A}.Debug|x64.Build.0 = Debug|x64
		{E2C146F9-F840-4C21-9CA9-E1DD9649AB7A}.Debug|x86.ActiveCfg = Debug|Win32
		{E2C146F9-F840-4C21-9CA9-E1DD9649AB7A}.Debug|x86.Build.0 = Debug|Win32
		{E2C146F9-F840-4C21-9CA9-E1DD9649AB7A}.Release|x64.ActiveCfg = Release|x64
		{E2C146F9-F840-4C21-9CA9-E1DD9649AB7A}.Release|x64.Build.0 = Release|x64
		{E2C146F9-F840-4C21-9CA9-E1DD9649AB7A}.Release|x86.ActiveCfg = Release|Win32
		{E2C146F9-F840-4C21-9CA9-E1DD9649AB7A}.Release|x86.Build.0 = Release|Win32
		{7DB10B50-CE00-4D7A-B322-6824F05D2FCB}.Debug|x64.ActiveCfg = Debug|x64
		{7DB10B50-CE00-4D7A-B322-6824F05D2FCB}.Debug|x64.Build.0 = Debug|x64
		{7DB10B50-CE00-4D7A-B322-6824F05D2FCB}.Debug|x86.ActiveCfg = Debug|Win32
		{7DB10B50-CE00-4D7A-B322-6824F05D2FCB}.Debug|x86.Build.0 = Debug|Win32
		{7DB10B50-CE00-4D7A-B322-6824F05D2FCB}.Release|x64.ActiveCfg = Release|x64
		{7DB10B50-CE00-4D7A-B322-6824F05D2FCB}.Release|x64.Build.0 = Release|x64
		{7DB10B50-CE00-4D7A-B322-6824F05D2FCB}.Release|x86.ActiveCfg = Release|Win32
		{7DB10B50-CE00-4D7A-B322-6824F05D2FCB}.Release|x86.Build.0 = Release|Win32
		{EC69DA03-FF40-4B83-A2C0-C88B57AAB195}.Debug|x64.ActiveCfg = Debug|x64
		{EC69DA03-FF40-4B83-A2C0-C88B57AAB195}.Debug|x64.Build.0 = Debug|x64
		{EC69DA03-FF40-4B83-A2C0-C88B57AAB195}.Debug|x86.ActiveCfg = Debug|Win32
		{EC69DA03-FF40-4B83-A2C0-C88B57AAB195}.Debug|x86.Build.0 = Debug|Win32
		{EC69DA03-FF40-4B83-A2C0-C88B57AAB195}.Release|x64.ActiveCfg = Release|x64
		{EC69DA03-FF40-4B83-A2C0-C88B57AAB195}.Release|x64.Build.0 = Release|x64
		{EC69DA03-FF40-4B83-A2C0-C88B57AAB195}.Release|x86.ActiveCfg = Release|Win32
		{EC69DA03-FF40-4B83-A2C0-C88B57AAB195}.Release|x86.Build.0 = Release|Win32
		{FB3D86B1-FF71-4F80-9E97-1552CC95C010}.Debug|x64.ActiveCfg = Debug|x64
		{FB3D86B1-FF71-4F80-9E97-1552CC95C010}.Debug|x64.Build.0 = Debug|x64
		{FB3D86B1-FF71-4F80-9E97-1552CC95C010}.Debug|x86.ActiveCfg = Debug|Win32
		{FB3D86B1-FF71-4F80-9E97-1552CC95C010}.Debug|x86.Build.0 = Debug|Win32
		{FB3D86B1-FF71-4F80-9E97-1552CC95C010}.Release|x64.ActiveCfg = Release|x64
		{FB3D86B1-FF71-4F80-9E97-1552CC95C010}.Release|x64.Build.0 = Release|x64
		{FB3D86B1-FF71-4F80-9E97-1552CC95C010}.Release|x86.ActiveCfg = Release|Win32
		{FB3D86B1-FF71-4F80-9E97-1552CC95C010}.Release|x86.Build.0 = Release|Win32
		{BDC4844D-6791-494F-9D92-70CD4175B006}.Debug|x64.ActiveCfg = Debug|x64
		{BDC4844D-6791-494F-9D92-70CD4175B006}.Debug|x64.Build.0 = Debug|x64
		{BDC4844D-6791-494F-9D92-70CD4175B006}.Debug|x86.ActiveCfg = Debug|Win32
		{BDC4844D-6791-494F-9D92-70CD4175B006}.Debug|x86.Build.0 = Debug|Win32
		{BDC4844D-6791-494F-9D92-70CD4175B006}.Release|x64.ActiveCfg = Release|x64
		{BDC4844D-6791-494F-9D92-70CD4175B006}.Release|x64.Build.0 = Release|x64
		{BDC4844D-6791-494F-9D92-70CD4175B006}.Release|x86.ActiveCfg = Release|Win32
		{BDC4844D-6791-494F-9D92-70CD4175B006}.Release|x86.Build.0 = Release|Win32
		{3A84CB69-CEAD-42F5-9CE3-D39CCD7E5D2A}.Debug|x64.ActiveCfg = Debug|x64
		{3A84CB69-CEAD-42F5-9CE3-D39CCD7E5D2A}.Debug|x64.Build.0 = Debug|x64
		{3A84CB69-CEAD-42F5-9CE3-D39CCD7E5D2A}.Debug|x86.ActiveCfg = Debug|Win32
		{3A84CB69-CEAD-42F5-9CE3-D39CCD7E5D2A}.Debug|x86.Build.0 = Debug|Win32
		{3A84CB69-CEAD-42F5-9CE3-D39CCD7E5D2A}.Release|x64.ActiveCfg = Release|x64
		{3A84CB69-CEAD-42F5-9CE3-D39CCD7E5D2A}.Release|x64.Build.0 = Release|x64
		{3A84CB69-CEAD-42F5-9CE3-D39CCD7E5D2A}.Release|x86.ActiveCfg = Release|Win32
		{3A84CB69-CEAD-42F5-9CE3-D39CCD7E5D2A}.Release|x86.Build.0 = Release|Win32
		{ED6E7109-B2D9-412D-A654-A00421DD923C}.Debug|x64.ActiveCfg = Debug|x64
		{ED6E7109-B2D9-412D-A654-A00421DD923C}.Debug|x64.Build.0 = Debug|x64
		{ED6E7109-B2D9-412D-A654-A00421DD923C}.Debug|x86.ActiveCfg = Debug|Win32
		{ED6E7109-B2D9-412D-A654-A00421DD923C}.Debug|x86.Build.0 = Debug|Win32
		{ED6E7109-B2D9-412D-A654-A00421DD923C}.Release|x64.ActiveCfg = Release|x64
		{ED6E7109-B2D9-412D-A654-A00421DD923C}.Release|x64.Build.0 = Release|x64
		{ED6E7109-B2D9-412D-A654-A00421DD923C}.Release|x86.ActiveCfg = Release|Win32
		{ED6E7109-B2D9-412D-A654-A00421DD923C}.Release|x86.Build.0 = Release|Win32
		{C221E745-5054-40F0-AE69-35143E744E2B}.Debug|x64.ActiveCfg = Debug|x64
		{C221E745-5054-40F0-AE69-35143E744E2B}.Debug|x64.Build.0 = Debug|x64
		{C221E745-5054-40F0-AE69-35143E744E2B}.Debug|x86.ActiveCfg = Debug|Win32
		{C221E745-5054-40F0-AE69-35143E744E2B}.Debug|x86.Build.0 = Debug|Win32
		{C221E745-5054-40F0-AE69-35143E744E2B}.Release|x64.ActiveCfg = Release|x64
		{C221E745-5054-40F0-AE69-35143E744E2B}.Release|x64.Build.0 = Release|x64
		{C221E745-5054-40F0-AE69-35143E744E2B}.Release|x86.ActiveCfg = Release|Win32
		{C221E745-5054-40F0-AE69-35143E744E2B}.Release|x86.Build.0 = Release|Win32
		{5313153F-55EE-4315-B31F-92C971067D88}.Debug|x64.ActiveCfg = Debug|x64
		{5313153F-55EE-4315-B31F-92C971067D88}.Debug|x64.Build.0 = Debug|x64
		{5313153F-55EE-4315-B31F-92C971067D88}.Debug|x86.ActiveCfg = Debug|Win32
		{5313153F-55EE-4315-B31F-92C971067D88}.Debug|x86.Build.0 = Debug|Win32
		{5313153F-55EE-4315-B31F-92C971067D88}.Release|x64.ActiveCfg = Release|x64
		{5313153F-55EE-4315-B31F-92C971067D88}.Release|x64.Build.0 = Release|x64
		{5313153F-55EE-4315-B31F-92C971067D88}.Release|x86.ActiveCfg = Release|Win32
		{5313153F-55EE-4315-B31F-92C971067D88}.Release|x86.Build.0 = Release|Win32
		{EBD55D4C-9B9C-4289-96FE-1B86DD32FE5D}.Debug|x64.ActiveCfg = Debug|x64
		{EBD55D4C-9B9C-4289-96FE-1B86DD32FE5D}.Debug|x64.Build.0 = Debug|x64
		{EBD55D4C-9B9C-4289-96FE-1B86DD32FE5D}.Debug|x86.ActiveCfg = Debug|Win32
		{EBD55D4C-9B9C-4289-96FE-1B86DD32FE5D}.Debug|x86.Build.0 = Debug|Win32
		{EBD55D4C-9B9C-4289-96FE-1B86DD32FE5D}.Release|x64.ActiveCfg = Release|x64
		{EBD55D4C-9B9C-4289-96FE-1B86DD32FE5D}.Release|x64.Build.0 = Release|x64
		{EBD55D4C-9B9C-4289-96FE-1B86DD32FE5D}.Release|x86.ActiveCfg = Release|Win32
		{EBD55D4C-9B9C-4289-96FE-1B86DD32FE5D}.Release|x86.Build.0 = Release|Win32
		{5DC27D08-0E3B-49DA-B08D-2C7502B5B2FE}.Debug|x64.ActiveCfg = Debug|x64
		{5DC27D08-0E3B-49DA-B08D-2C7502B5B2FE}.Debug|x64.Build.0 = Debug|x64
		{5DC27D08-0E3B-49DA-B08D-2C7502B5B2FE}.Debug|x86.ActiveCfg = Debug|Win32
		{5DC27D08-0E3B-49DA-B08D-2C7502B5B2FE}.Debug|x86.Build.0 = Debug|Win32
		{5DC27D08-0E3B-49DA-B08D-2C7502B5B2FE}.Release|x64.ActiveCfg = Release|x64
		{5DC27D08-0E3B-49DA-B08D-2C7502B5B2FE}.Release|x64.Build.0 = Release|x64
		{5DC27D08-0E3B-49DA-B08D-2C7502B5B2FE}.Release|x86.ActiveCfg = Release|Win32
		{5DC27D08-0E3B-49DA-B08D-2C7502B5B2FE}.Release|x86.Build.0 = Release|Win32
		{38873D1F-4EAF-4B2A-B2E1-5FDB5E0213F7}.Debug|x64.ActiveCfg = Debug|Win32
		{38873D1F-4EAF-4B2A-B2E1-5FDB5E0213F7}.Debug|x86.ActiveCfg = Debug|Win32
		{38873D1F-4EAF-4B2A-B2E1-5FDB5E0213F7}.Debug|x86.Build.0 = Debug|Win32
		{38873D1F-4EAF-4B2A-B2E1-5FDB5E0213F7}.Release|x64.ActiveCfg = Release|Win32
		{38873D1F-4EAF-4B2A-B2E1-5FDB5E0213F7}.Release|x86.ActiveCfg = Release|Win32
		{38873D1F-4EAF-4B2A-B2E1-5FDB5E0213F7}.Release|x86.Build.0 = Release|Win32
		{E8CDA95C-4330-44D5-A22E-4D8477771E30}.Debug|x64.ActiveCfg = Debug|x64
		{E8CDA95C-4330-44D5-A22E-4D8477771E30}.Debug|x64.Build.0 = Debug|x64
		{E8CDA95C-4330-44D5-A22E-4D8477771E30}.Debug|x86.ActiveCfg = Debug|x64
		{E8CDA95C-4330-44D5-A22E-4D8477771E30}.Release|x64.ActiveCfg = Release|x64
		{E8CDA95C-4330-44D5-A22E-4D8477771E30}.Release|x64.Build.0 = Release|x64
		{E8CDA95C-4330-44D5-A22E-4D8477771E30}.Release|x86.ActiveCfg = Release|x64
		{3F664B05-7A40-403F-BD85-2F3B71F35BC9}.Debug|x64.ActiveCfg = Debug|x64
		{3F664B05-7A40-403F-BD85-2F3B71F35BC9}.Debug|x64.Build.0 = Debug|x64
		{3F664B05-7A40-403F-BD85-2F3B71F35BC9}.Debug|x86.ActiveCfg = Debug|Win32
		{3F664B05-7A40-403F-BD85-2F3B71F35BC9}.Debug|x86.Build.0 = Debug|Win32
		{3F664B05-7A40-403F-BD85-2F3B71F35BC9}.Release|x64.ActiveCfg = Release|x64
		{3F664B05-7A40-403F-BD85-2F3B71F35BC9}.Release|x64.Build.0 = Release|x64
		{3F664B05-7A40-403F-BD85-2F3B71F35BC9}.Release|x86.ActiveCfg = Release|Win32
		{3F664B05-7A40-403F-BD85-2F3B71F35BC9}.Release|x86.Build.0 = Release|Win32
	EndGlobalSection
	GlobalSection(SolutionProperties) = preSolution
		HideSolutionNode = FALSE
	EndGlobalSection
	GlobalSection(NestedProjects) = preSolution
		{FB3D86B1-FF71-4F80-9E97-1552CC95C010} = {47B02C1C-7B45-4F95-A715-C7D09B3A07C5}
		{BDC4844D-6791-494F-9D92-70CD4175B006} = {47B02C1C-7B45-4F95-A715-C7D09B3A07C5}
		{3A84CB69-CEAD-42F5-9CE3-D39CCD7E5D2A} = {47B02C1C-7B45-4F95-A715-C7D09B3A07C5}
		{ED6E7109-B2D9-412D-A654-A00421DD923C} = {47B02C1C-7B45-4F95-A715-C7D09B3A07C5}
		{C221E745-5054-40F0-AE69-35143E744E2B} = {47B02C1C-7B45-4F95-A715-C7D09B3A07C5}
		{5313153F-55EE-4315-B31F-92C971067D88} = {47B02C1C-7B45-4F95-A715-C7D09B3A07C5}
		{EBD55D4C-9B9C-4289-96FE-1B86DD32FE5D} = {47B02C1C-7B45-4F95-A715-C7D09B3A07C5}
	EndGlobalSection
EndGlobal
