
Microsoft Visual Studio Solution File, Format Version 12.00
# Visual Studio 14
VisualStudioVersion = 14.0.25420.1
MinimumVisualStudioVersion = 10.0.40219.1
Project("{8BC9CEB8-8B4A-11D0-8D11-00A0C91BC942}") = "zlib", "src\zlib\zlib-android.vcxproj", "{138A4D44-4D8F-459A-9B20-990685870FBA}"
EndProject
Project("{8BC9CEB8-8B4A-11D0-8D11-00A0C91BC942}") = "libpng", "src\libpng\libpng-android.vcxproj", "{8D7E5364-E6BB-451B-8674-043883C13097}"
EndProject
Project("{8BC9CEB8-8B4A-11D0-8D11-00A0C91BC942}") = "dlib", "src\dlib\dlib-android.vcxproj", "{13200587-DC95-42BA-9218-494D6DED45F0}"
EndProject
Project("{2150E333-8FDC-42A3-9474-1A3956D46DE8}") = "opencv", "src\opencv", "{A83FFD0D-C686-4FAF-9569-08B17BC7364E}"
EndProject
Project("{8BC9CEB8-8B4A-11D0-8D11-00A0C91BC942}") = "opencv-calib3d", "src\opencv-calib3d\opencv-calib3d-android.vcxproj", "{A94FB094-0CF3-47B6-8DCB-FA6F332D61AD}"
EndProject
Project("{8BC9CEB8-8B4A-11D0-8D11-00A0C91BC942}") = "opencv-core", "src\opencv-core\opencv-core-android.vcxproj", "{CED6A4A2-EA0C-4E99-A70B-27433E5CF603}"
EndProject
Project("{8BC9CEB8-8B4A-11D0-8D11-00A0C91BC942}") = "opencv-imgcodecs", "src\opencv-imgcodecs\opencv-imgcodecs-android.vcxproj", "{F1215BA1-E4AE-429F-800E-EE4E714A90A1}"
EndProject
Project("{8BC9CEB8-8B4A-11D0-8D11-00A0C91BC942}") = "opencv-imgproc", "src\opencv-imgproc\opencv-imgproc-android.vcxproj", "{110394CD-9C92-4307-9C8F-ACAD99E87E9A}"
EndProject
Project("{8BC9CEB8-8B4A-11D0-8D11-00A0C91BC942}") = "opencv-objdetect", "src\opencv-objdetect\opencv-objdetect-android.vcxproj", "{A057BBFC-2BCD-481F-B842-598964932F7C}"
EndProject
Project("{8BC9CEB8-8B4A-11D0-8D11-00A0C91BC942}") = "opencv-videoio", "src\opencv-videoio\opencv-videoio-android.vcxproj", "{01355C33-D7A2-49DA-A969-C7110E39965C}"
EndProject
Project("{8BC9CEB8-8B4A-11D0-8D11-00A0C91BC942}") = "tbb", "src\tbb\tbb-android.vcxproj", "{A2B00CB1-8C82-49AF-AD55-FE89B5FBC82E}"
EndProject
Project("{8BC9CEB8-8B4A-11D0-8D11-00A0C91BC942}") = "openface", "src\OpenFace\openface-android.vcxproj", "{FB3D4AE1-1496-4153-A30E-E3D74B19AC2F}"
EndProject
Project("{8BC9CEB8-8B4A-11D0-8D11-00A0C91BC942}") = "libsvm", "src\libsvm\libsvm-android.vcxproj", "{95BAFACF-FCA1-45A7-BE35-6F2EDC0490AB}"
EndProject
Project("{8BC9CEB8-8B4A-11D0-8D11-00A0C91BC942}") = "openface-jni", "src\openface-jni\openface-jni.vcxproj", "{2A095F6D-E361-4E3F-90FB-2A426AA36B77}"
	ProjectSection(ProjectDependencies) = postProject
		{01355C33-D7A2-49DA-A969-C7110E39965C} = {01355C33-D7A2-49DA-A969-C7110E39965C}
		{138A4D44-4D8F-459A-9B20-990685870FBA} = {138A4D44-4D8F-459A-9B20-990685870FBA}
		{8D7E5364-E6BB-451B-8674-043883C13097} = {8D7E5364-E6BB-451B-8674-043883C13097}
		{13200587-DC95-42BA-9218-494D6DED45F0} = {13200587-DC95-42BA-9218-494D6DED45F0}
		{A94FB094-0CF3-47B6-8DCB-FA6F332D61AD} = {A94FB094-0CF3-47B6-8DCB-FA6F332D61AD}
		{F1215BA1-E4AE-429F-800E-EE4E714A90A1} = {F1215BA1-E4AE-429F-800E-EE4E714A90A1}
		{CED6A4A2-EA0C-4E99-A70B-27433E5CF603} = {CED6A4A2-EA0C-4E99-A70B-27433E5CF603}
		{A2B00CB1-8C82-49AF-AD55-FE89B5FBC82E} = {A2B00CB1-8C82-49AF-AD55-FE89B5FBC82E}
		{110394CD-9C92-4307-9C8F-ACAD99E87E9A} = {110394CD-9C92-4307-9C8F-ACAD99E87E9A}
		{95BAFACF-FCA1-45A7-BE35-6F2EDC0490AB} = {95BAFACF-FCA1-45A7-BE35-6F2EDC0490AB}
		{FB3D4AE1-1496-4153-A30E-E3D74B19AC2F} = {FB3D4AE1-1496-4153-A30E-E3D74B19AC2F}
		{A057BBFC-2BCD-481F-B842-598964932F7C} = {A057BBFC-2BCD-481F-B842-598964932F7C}
	EndProjectSection
EndProject
Global
	GlobalSection(SolutionConfigurationPlatforms) = preSolution
		Debug|ARM = Debug|ARM
		Debug|ARM64 = Debug|ARM64
		Debug|x64 = Debug|x64
		Debug|x86 = Debug|x86
		Release|ARM = Release|ARM
		Release|ARM64 = Release|ARM64
		Release|x64 = Release|x64
		Release|x86 = Release|x86
	EndGlobalSection
	GlobalSection(ProjectConfigurationPlatforms) = postSolution
		{138A4D44-4D8F-459A-9B20-990685870FBA}.Debug|ARM.ActiveCfg = Debug|ARM
		{138A4D44-4D8F-459A-9B20-990685870FBA}.Debug|ARM.Build.0 = Debug|ARM
		{138A4D44-4D8F-459A-9B20-990685870FBA}.Debug|ARM64.ActiveCfg = Debug|ARM64
		{138A4D44-4D8F-459A-9B20-990685870FBA}.Debug|ARM64.Build.0 = Debug|ARM64
		{138A4D44-4D8F-459A-9B20-990685870FBA}.Debug|x64.ActiveCfg = Debug|x64
		{138A4D44-4D8F-459A-9B20-990685870FBA}.Debug|x64.Build.0 = Debug|x64
		{138A4D44-4D8F-459A-9B20-990685870FBA}.Debug|x86.ActiveCfg = Debug|x86
		{138A4D44-4D8F-459A-9B20-990685870FBA}.Debug|x86.Build.0 = Debug|x86
		{138A4D44-4D8F-459A-9B20-990685870FBA}.Release|ARM.ActiveCfg = Release|ARM
		{138A4D44-4D8F-459A-9B20-990685870FBA}.Release|ARM.Build.0 = Release|ARM
		{138A4D44-4D8F-459A-9B20-990685870FBA}.Release|ARM64.ActiveCfg = Release|ARM64
		{138A4D44-4D8F-459A-9B20-990685870FBA}.Release|ARM64.Build.0 = Release|ARM64
		{138A4D44-4D8F-459A-9B20-990685870FBA}.Release|x64.ActiveCfg = Release|x64
		{138A4D44-4D8F-459A-9B20-990685870FBA}.Release|x64.Build.0 = Release|x64
		{138A4D44-4D8F-459A-9B20-990685870FBA}.Release|x86.ActiveCfg = Release|x86
		{138A4D44-4D8F-459A-9B20-990685870FBA}.Release|x86.Build.0 = Release|x86
		{8D7E5364-E6BB-451B-8674-043883C13097}.Debug|ARM.ActiveCfg = Debug|ARM
		{8D7E5364-E6BB-451B-8674-043883C13097}.Debug|ARM.Build.0 = Debug|ARM
		{8D7E5364-E6BB-451B-8674-043883C13097}.Debug|ARM64.ActiveCfg = Debug|ARM64
		{8D7E5364-E6BB-451B-8674-043883C13097}.Debug|ARM64.Build.0 = Debug|ARM64
		{8D7E5364-E6BB-451B-8674-043883C13097}.Debug|x64.ActiveCfg = Debug|x64
		{8D7E5364-E6BB-451B-8674-043883C13097}.Debug|x64.Build.0 = Debug|x64
		{8D7E5364-E6BB-451B-8674-043883C13097}.Debug|x86.ActiveCfg = Debug|x86
		{8D7E5364-E6BB-451B-8674-043883C13097}.Debug|x86.Build.0 = Debug|x86
		{8D7E5364-E6BB-451B-8674-043883C13097}.Release|ARM.ActiveCfg = Release|ARM
		{8D7E5364-E6BB-451B-8674-043883C13097}.Release|ARM.Build.0 = Release|ARM
		{8D7E5364-E6BB-451B-8674-043883C13097}.Release|ARM64.ActiveCfg = Release|ARM64
		{8D7E5364-E6BB-451B-8674-043883C13097}.Release|ARM64.Build.0 = Release|ARM64
		{8D7E5364-E6BB-451B-8674-043883C13097}.Release|x64.ActiveCfg = Release|x64
		{8D7E5364-E6BB-451B-8674-043883C13097}.Release|x64.Build.0 = Release|x64
		{8D7E5364-E6BB-451B-8674-043883C13097}.Release|x86.ActiveCfg = Release|x86
		{8D7E5364-E6BB-451B-8674-043883C13097}.Release|x86.Build.0 = Release|x86
		{13200587-DC95-42BA-9218-494D6DED45F0}.Debug|ARM.ActiveCfg = Debug|ARM
		{13200587-DC95-42BA-9218-494D6DED45F0}.Debug|ARM.Build.0 = Debug|ARM
		{13200587-DC95-42BA-9218-494D6DED45F0}.Debug|ARM64.ActiveCfg = Debug|ARM64
		{13200587-DC95-42BA-9218-494D6DED45F0}.Debug|ARM64.Build.0 = Debug|ARM64
		{13200587-DC95-42BA-9218-494D6DED45F0}.Debug|x64.ActiveCfg = Debug|x64
		{13200587-DC95-42BA-9218-494D6DED45F0}.Debug|x64.Build.0 = Debug|x64
		{13200587-DC95-42BA-9218-494D6DED45F0}.Debug|x86.ActiveCfg = Debug|x86
		{13200587-DC95-42BA-9218-494D6DED45F0}.Debug|x86.Build.0 = Debug|x86
		{13200587-DC95-42BA-9218-494D6DED45F0}.Release|ARM.ActiveCfg = Release|ARM
		{13200587-DC95-42BA-9218-494D6DED45F0}.Release|ARM.Build.0 = Release|ARM
		{13200587-DC95-42BA-9218-494D6DED45F0}.Release|ARM64.ActiveCfg = Release|ARM64
		{13200587-DC95-42BA-9218-494D6DED45F0}.Release|ARM64.Build.0 = Release|ARM64
		{13200587-DC95-42BA-9218-494D6DED45F0}.Release|x64.ActiveCfg = Release|x64
		{13200587-DC95-42BA-9218-494D6DED45F0}.Release|x64.Build.0 = Release|x64
		{13200587-DC95-42BA-9218-494D6DED45F0}.Release|x86.ActiveCfg = Release|x86
		{13200587-DC95-42BA-9218-494D6DED45F0}.Release|x86.Build.0 = Release|x86
		{A94FB094-0CF3-47B6-8DCB-FA6F332D61AD}.Debug|ARM.ActiveCfg = Debug|ARM
		{A94FB094-0CF3-47B6-8DCB-FA6F332D61AD}.Debug|ARM.Build.0 = Debug|ARM
		{A94FB094-0CF3-47B6-8DCB-FA6F332D61AD}.Debug|ARM64.ActiveCfg = Debug|ARM64
		{A94FB094-0CF3-47B6-8DCB-FA6F332D61AD}.Debug|ARM64.Build.0 = Debug|ARM64
		{A94FB094-0CF3-47B6-8DCB-FA6F332D61AD}.Debug|x64.ActiveCfg = Debug|x64
		{A94FB094-0CF3-47B6-8DCB-FA6F332D61AD}.Debug|x64.Build.0 = Debug|x64
		{A94FB094-0CF3-47B6-8DCB-FA6F332D61AD}.Debug|x86.ActiveCfg = Debug|x86
		{A94FB094-0CF3-47B6-8DCB-FA6F332D61AD}.Debug|x86.Build.0 = Debug|x86
		{A94FB094-0CF3-47B6-8DCB-FA6F332D61AD}.Release|ARM.ActiveCfg = Release|ARM
		{A94FB094-0CF3-47B6-8DCB-FA6F332D61AD}.Release|ARM.Build.0 = Release|ARM
		{A94FB094-0CF3-47B6-8DCB-FA6F332D61AD}.Release|ARM64.ActiveCfg = Release|ARM64
		{A94FB094-0CF3-47B6-8DCB-FA6F332D61AD}.Release|ARM64.Build.0 = Release|ARM64
		{A94FB094-0CF3-47B6-8DCB-FA6F332D61AD}.Release|x64.ActiveCfg = Release|x64
		{A94FB094-0CF3-47B6-8DCB-FA6F332D61AD}.Release|x64.Build.0 = Release|x64
		{A94FB094-0CF3-47B6-8DCB-FA6F332D61AD}.Release|x86.ActiveCfg = Release|x86
		{A94FB094-0CF3-47B6-8DCB-FA6F332D61AD}.Release|x86.Build.0 = Release|x86
		{CED6A4A2-EA0C-4E99-A70B-27433E5CF603}.Debug|ARM.ActiveCfg = Debug|ARM
		{CED6A4A2-EA0C-4E99-A70B-27433E5CF603}.Debug|ARM.Build.0 = Debug|ARM
		{CED6A4A2-EA0C-4E99-A70B-27433E5CF603}.Debug|ARM64.ActiveCfg = Debug|ARM64
		{CED6A4A2-EA0C-4E99-A70B-27433E5CF603}.Debug|ARM64.Build.0 = Debug|ARM64
		{CED6A4A2-EA0C-4E99-A70B-27433E5CF603}.Debug|x64.ActiveCfg = Debug|x64
		{CED6A4A2-EA0C-4E99-A70B-27433E5CF603}.Debug|x64.Build.0 = Debug|x64
		{CED6A4A2-EA0C-4E99-A70B-27433E5CF603}.Debug|x86.ActiveCfg = Debug|x86
		{CED6A4A2-EA0C-4E99-A70B-27433E5CF603}.Debug|x86.Build.0 = Debug|x86
		{CED6A4A2-EA0C-4E99-A70B-27433E5CF603}.Release|ARM.ActiveCfg = Release|ARM
		{CED6A4A2-EA0C-4E99-A70B-27433E5CF603}.Release|ARM.Build.0 = Release|ARM
		{CED6A4A2-EA0C-4E99-A70B-27433E5CF603}.Release|ARM64.ActiveCfg = Release|ARM64
		{CED6A4A2-EA0C-4E99-A70B-27433E5CF603}.Release|ARM64.Build.0 = Release|ARM64
		{CED6A4A2-EA0C-4E99-A70B-27433E5CF603}.Release|x64.ActiveCfg = Release|x64
		{CED6A4A2-EA0C-4E99-A70B-27433E5CF603}.Release|x64.Build.0 = Release|x64
		{CED6A4A2-EA0C-4E99-A70B-27433E5CF603}.Release|x86.ActiveCfg = Release|x86
		{CED6A4A2-EA0C-4E99-A70B-27433E5CF603}.Release|x86.Build.0 = Release|x86
		{F1215BA1-E4AE-429F-800E-EE4E714A90A1}.Debug|ARM.ActiveCfg = Debug|ARM
		{F1215BA1-E4AE-429F-800E-EE4E714A90A1}.Debug|ARM.Build.0 = Debug|ARM
		{F1215BA1-E4AE-429F-800E-EE4E714A90A1}.Debug|ARM64.ActiveCfg = Debug|ARM64
		{F1215BA1-E4AE-429F-800E-EE4E714A90A1}.Debug|ARM64.Build.0 = Debug|ARM64
		{F1215BA1-E4AE-429F-800E-EE4E714A90A1}.Debug|x64.ActiveCfg = Debug|x64
		{F1215BA1-E4AE-429F-800E-EE4E714A90A1}.Debug|x64.Build.0 = Debug|x64
		{F1215BA1-E4AE-429F-800E-EE4E714A90A1}.Debug|x86.ActiveCfg = Debug|x86
		{F1215BA1-E4AE-429F-800E-EE4E714A90A1}.Debug|x86.Build.0 = Debug|x86
		{F1215BA1-E4AE-429F-800E-EE4E714A90A1}.Release|ARM.ActiveCfg = Release|ARM
		{F1215BA1-E4AE-429F-800E-EE4E714A90A1}.Release|ARM.Build.0 = Release|ARM
		{F1215BA1-E4AE-429F-800E-EE4E714A90A1}.Release|ARM64.ActiveCfg = Release|ARM64
		{F1215BA1-E4AE-429F-800E-EE4E714A90A1}.Release|ARM64.Build.0 = Release|ARM64
		{F1215BA1-E4AE-429F-800E-EE4E714A90A1}.Release|x64.ActiveCfg = Release|x64
		{F1215BA1-E4AE-429F-800E-EE4E714A90A1}.Release|x64.Build.0 = Release|x64
		{F1215BA1-E4AE-429F-800E-EE4E714A90A1}.Release|x86.ActiveCfg = Release|x86
		{F1215BA1-E4AE-429F-800E-EE4E714A90A1}.Release|x86.Build.0 = Release|x86
		{110394CD-9C92-4307-9C8F-ACAD99E87E9A}.Debug|ARM.ActiveCfg = Debug|ARM
		{110394CD-9C92-4307-9C8F-ACAD99E87E9A}.Debug|ARM.Build.0 = Debug|ARM
		{110394CD-9C92-4307-9C8F-ACAD99E87E9A}.Debug|ARM64.ActiveCfg = Debug|ARM64
		{110394CD-9C92-4307-9C8F-ACAD99E87E9A}.Debug|ARM64.Build.0 = Debug|ARM64
		{110394CD-9C92-4307-9C8F-ACAD99E87E9A}.Debug|x64.ActiveCfg = Debug|x64
		{110394CD-9C92-4307-9C8F-ACAD99E87E9A}.Debug|x64.Build.0 = Debug|x64
		{110394CD-9C92-4307-9C8F-ACAD99E87E9A}.Debug|x86.ActiveCfg = Debug|x86
		{110394CD-9C92-4307-9C8F-ACAD99E87E9A}.Debug|x86.Build.0 = Debug|x86
		{110394CD-9C92-4307-9C8F-ACAD99E87E9A}.Release|ARM.ActiveCfg = Release|ARM
		{110394CD-9C92-4307-9C8F-ACAD99E87E9A}.Release|ARM.Build.0 = Release|ARM
		{110394CD-9C92-4307-9C8F-ACAD99E87E9A}.Release|ARM64.ActiveCfg = Release|ARM64
		{110394CD-9C92-4307-9C8F-ACAD99E87E9A}.Release|ARM64.Build.0 = Release|ARM64
		{110394CD-9C92-4307-9C8F-ACAD99E87E9A}.Release|x64.ActiveCfg = Release|x64
		{110394CD-9C92-4307-9C8F-ACAD99E87E9A}.Release|x64.Build.0 = Release|x64
		{110394CD-9C92-4307-9C8F-ACAD99E87E9A}.Release|x86.ActiveCfg = Release|x86
		{110394CD-9C92-4307-9C8F-ACAD99E87E9A}.Release|x86.Build.0 = Release|x86
		{A057BBFC-2BCD-481F-B842-598964932F7C}.Debug|ARM.ActiveCfg = Debug|ARM
		{A057BBFC-2BCD-481F-B842-598964932F7C}.Debug|ARM.Build.0 = Debug|ARM
		{A057BBFC-2BCD-481F-B842-598964932F7C}.Debug|ARM64.ActiveCfg = Debug|ARM64
		{A057BBFC-2BCD-481F-B842-598964932F7C}.Debug|ARM64.Build.0 = Debug|ARM64
		{A057BBFC-2BCD-481F-B842-598964932F7C}.Debug|x64.ActiveCfg = Debug|x64
		{A057BBFC-2BCD-481F-B842-598964932F7C}.Debug|x64.Build.0 = Debug|x64
		{A057BBFC-2BCD-481F-B842-598964932F7C}.Debug|x86.ActiveCfg = Debug|x86
		{A057BBFC-2BCD-481F-B842-598964932F7C}.Debug|x86.Build.0 = Debug|x86
		{A057BBFC-2BCD-481F-B842-598964932F7C}.Release|ARM.ActiveCfg = Release|ARM
		{A057BBFC-2BCD-481F-B842-598964932F7C}.Release|ARM.Build.0 = Release|ARM
		{A057BBFC-2BCD-481F-B842-598964932F7C}.Release|ARM64.ActiveCfg = Release|ARM64
		{A057BBFC-2BCD-481F-B842-598964932F7C}.Release|ARM64.Build.0 = Release|ARM64
		{A057BBFC-2BCD-481F-B842-598964932F7C}.Release|x64.ActiveCfg = Release|x64
		{A057BBFC-2BCD-481F-B842-598964932F7C}.Release|x64.Build.0 = Release|x64
		{A057BBFC-2BCD-481F-B842-598964932F7C}.Release|x86.ActiveCfg = Release|x86
		{A057BBFC-2BCD-481F-B842-598964932F7C}.Release|x86.Build.0 = Release|x86
		{01355C33-D7A2-49DA-A969-C7110E39965C}.Debug|ARM.ActiveCfg = Debug|ARM
		{01355C33-D7A2-49DA-A969-C7110E39965C}.Debug|ARM.Build.0 = Debug|ARM
		{01355C33-D7A2-49DA-A969-C7110E39965C}.Debug|ARM64.ActiveCfg = Debug|ARM64
		{01355C33-D7A2-49DA-A969-C7110E39965C}.Debug|ARM64.Build.0 = Debug|ARM64
		{01355C33-D7A2-49DA-A969-C7110E39965C}.Debug|x64.ActiveCfg = Debug|x64
		{01355C33-D7A2-49DA-A969-C7110E39965C}.Debug|x64.Build.0 = Debug|x64
		{01355C33-D7A2-49DA-A969-C7110E39965C}.Debug|x86.ActiveCfg = Debug|x86
		{01355C33-D7A2-49DA-A969-C7110E39965C}.Debug|x86.Build.0 = Debug|x86
		{01355C33-D7A2-49DA-A969-C7110E39965C}.Release|ARM.ActiveCfg = Release|ARM
		{01355C33-D7A2-49DA-A969-C7110E39965C}.Release|ARM.Build.0 = Release|ARM
		{01355C33-D7A2-49DA-A969-C7110E39965C}.Release|ARM64.ActiveCfg = Release|ARM64
		{01355C33-D7A2-49DA-A969-C7110E39965C}.Release|ARM64.Build.0 = Release|ARM64
		{01355C33-D7A2-49DA-A969-C7110E39965C}.Release|x64.ActiveCfg = Release|x64
		{01355C33-D7A2-49DA-A969-C7110E39965C}.Release|x64.Build.0 = Release|x64
		{01355C33-D7A2-49DA-A969-C7110E39965C}.Release|x86.ActiveCfg = Release|x86
		{01355C33-D7A2-49DA-A969-C7110E39965C}.Release|x86.Build.0 = Release|x86
		{A2B00CB1-8C82-49AF-AD55-FE89B5FBC82E}.Debug|ARM.ActiveCfg = Debug|ARM
		{A2B00CB1-8C82-49AF-AD55-FE89B5FBC82E}.Debug|ARM.Build.0 = Debug|ARM
		{A2B00CB1-8C82-49AF-AD55-FE89B5FBC82E}.Debug|ARM64.ActiveCfg = Debug|ARM64
		{A2B00CB1-8C82-49AF-AD55-FE89B5FBC82E}.Debug|ARM64.Build.0 = Debug|ARM64
		{A2B00CB1-8C82-49AF-AD55-FE89B5FBC82E}.Debug|x64.ActiveCfg = Debug|x64
		{A2B00CB1-8C82-49AF-AD55-FE89B5FBC82E}.Debug|x64.Build.0 = Debug|x64
		{A2B00CB1-8C82-49AF-AD55-FE89B5FBC82E}.Debug|x86.ActiveCfg = Debug|x86
		{A2B00CB1-8C82-49AF-AD55-FE89B5FBC82E}.Debug|x86.Build.0 = Debug|x86
		{A2B00CB1-8C82-49AF-AD55-FE89B5FBC82E}.Release|ARM.ActiveCfg = Release|ARM
		{A2B00CB1-8C82-49AF-AD55-FE89B5FBC82E}.Release|ARM.Build.0 = Release|ARM
		{A2B00CB1-8C82-49AF-AD55-FE89B5FBC82E}.Release|ARM64.ActiveCfg = Release|ARM64
		{A2B00CB1-8C82-49AF-AD55-FE89B5FBC82E}.Release|ARM64.Build.0 = Release|ARM64
		{A2B00CB1-8C82-49AF-AD55-FE89B5FBC82E}.Release|x64.ActiveCfg = Release|x64
		{A2B00CB1-8C82-49AF-AD55-FE89B5FBC82E}.Release|x64.Build.0 = Release|x64
		{A2B00CB1-8C82-49AF-AD55-FE89B5FBC82E}.Release|x86.ActiveCfg = Release|x86
		{A2B00CB1-8C82-49AF-AD55-FE89B5FBC82E}.Release|x86.Build.0 = Release|x86
		{FB3D4AE1-1496-4153-A30E-E3D74B19AC2F}.Debug|ARM.ActiveCfg = Debug|ARM
		{FB3D4AE1-1496-4153-A30E-E3D74B19AC2F}.Debug|ARM.Build.0 = Debug|ARM
		{FB3D4AE1-1496-4153-A30E-E3D74B19AC2F}.Debug|ARM64.ActiveCfg = Debug|ARM64
		{FB3D4AE1-1496-4153-A30E-E3D74B19AC2F}.Debug|ARM64.Build.0 = Debug|ARM64
		{FB3D4AE1-1496-4153-A30E-E3D74B19AC2F}.Debug|x64.ActiveCfg = Debug|x64
		{FB3D4AE1-1496-4153-A30E-E3D74B19AC2F}.Debug|x64.Build.0 = Debug|x64
		{FB3D4AE1-1496-4153-A30E-E3D74B19AC2F}.Debug|x86.ActiveCfg = Debug|x86
		{FB3D4AE1-1496-4153-A30E-E3D74B19AC2F}.Debug|x86.Build.0 = Debug|x86
		{FB3D4AE1-1496-4153-A30E-E3D74B19AC2F}.Release|ARM.ActiveCfg = Release|ARM
		{FB3D4AE1-1496-4153-A30E-E3D74B19AC2F}.Release|ARM.Build.0 = Release|ARM
		{FB3D4AE1-1496-4153-A30E-E3D74B19AC2F}.Release|ARM64.ActiveCfg = Release|ARM64
		{FB3D4AE1-1496-4153-A30E-E3D74B19AC2F}.Release|ARM64.Build.0 = Release|ARM64
		{FB3D4AE1-1496-4153-A30E-E3D74B19AC2F}.Release|x64.ActiveCfg = Release|x64
		{FB3D4AE1-1496-4153-A30E-E3D74B19AC2F}.Release|x64.Build.0 = Release|x64
		{FB3D4AE1-1496-4153-A30E-E3D74B19AC2F}.Release|x86.ActiveCfg = Release|x86
		{FB3D4AE1-1496-4153-A30E-E3D74B19AC2F}.Release|x86.Build.0 = Release|x86
		{95BAFACF-FCA1-45A7-BE35-6F2EDC0490AB}.Debug|ARM.ActiveCfg = Debug|ARM
		{95BAFACF-FCA1-45A7-BE35-6F2EDC0490AB}.Debug|ARM.Build.0 = Debug|ARM
		{95BAFACF-FCA1-45A7-BE35-6F2EDC0490AB}.Debug|ARM64.ActiveCfg = Debug|ARM64
		{95BAFACF-FCA1-45A7-BE35-6F2EDC0490AB}.Debug|ARM64.Build.0 = Debug|ARM64
		{95BAFACF-FCA1-45A7-BE35-6F2EDC0490AB}.Debug|x64.ActiveCfg = Debug|x64
		{95BAFACF-FCA1-45A7-BE35-6F2EDC0490AB}.Debug|x64.Build.0 = Debug|x64
		{95BAFACF-FCA1-45A7-BE35-6F2EDC0490AB}.Debug|x86.ActiveCfg = Debug|x86
		{95BAFACF-FCA1-45A7-BE35-6F2EDC0490AB}.Debug|x86.Build.0 = Debug|x86
		{95BAFACF-FCA1-45A7-BE35-6F2EDC0490AB}.Release|ARM.ActiveCfg = Release|ARM
		{95BAFACF-FCA1-45A7-BE35-6F2EDC0490AB}.Release|ARM.Build.0 = Release|ARM
		{95BAFACF-FCA1-45A7-BE35-6F2EDC0490AB}.Release|ARM64.ActiveCfg = Release|ARM64
		{95BAFACF-FCA1-45A7-BE35-6F2EDC0490AB}.Release|ARM64.Build.0 = Release|ARM64
		{95BAFACF-FCA1-45A7-BE35-6F2EDC0490AB}.Release|x64.ActiveCfg = Release|x64
		{95BAFACF-FCA1-45A7-BE35-6F2EDC0490AB}.Release|x64.Build.0 = Release|x64
		{95BAFACF-FCA1-45A7-BE35-6F2EDC0490AB}.Release|x86.ActiveCfg = Release|x86
		{95BAFACF-FCA1-45A7-BE35-6F2EDC0490AB}.Release|x86.Build.0 = Release|x86
		{2A095F6D-E361-4E3F-90FB-2A426AA36B77}.Debug|ARM.ActiveCfg = Debug|ARM
		{2A095F6D-E361-4E3F-90FB-2A426AA36B77}.Debug|ARM.Build.0 = Debug|ARM
		{2A095F6D-E361-4E3F-90FB-2A426AA36B77}.Debug|ARM64.ActiveCfg = Debug|ARM64
		{2A095F6D-E361-4E3F-90FB-2A426AA36B77}.Debug|ARM64.Build.0 = Debug|ARM64
		{2A095F6D-E361-4E3F-90FB-2A426AA36B77}.Debug|x64.ActiveCfg = Debug|x64
		{2A095F6D-E361-4E3F-90FB-2A426AA36B77}.Debug|x64.Build.0 = Debug|x64
		{2A095F6D-E361-4E3F-90FB-2A426AA36B77}.Debug|x86.ActiveCfg = Debug|x86
		{2A095F6D-E361-4E3F-90FB-2A426AA36B77}.Debug|x86.Build.0 = Debug|x86
		{2A095F6D-E361-4E3F-90FB-2A426AA36B77}.Release|ARM.ActiveCfg = Release|ARM
		{2A095F6D-E361-4E3F-90FB-2A426AA36B77}.Release|ARM.Build.0 = Release|ARM
		{2A095F6D-E361-4E3F-90FB-2A426AA36B77}.Release|ARM64.ActiveCfg = Release|ARM64
		{2A095F6D-E361-4E3F-90FB-2A426AA36B77}.Release|ARM64.Build.0 = Release|ARM64
		{2A095F6D-E361-4E3F-90FB-2A426AA36B77}.Release|x64.ActiveCfg = Release|x64
		{2A095F6D-E361-4E3F-90FB-2A426AA36B77}.Release|x64.Build.0 = Release|x64
		{2A095F6D-E361-4E3F-90FB-2A426AA36B77}.Release|x86.ActiveCfg = Release|x86
		{2A095F6D-E361-4E3F-90FB-2A426AA36B77}.Release|x86.Build.0 = Release|x86
	EndGlobalSection
	GlobalSection(SolutionProperties) = preSolution
		HideSolutionNode = FALSE
	EndGlobalSection
	GlobalSection(NestedProjects) = preSolution
		{A94FB094-0CF3-47B6-8DCB-FA6F332D61AD} = {A83FFD0D-C686-4FAF-9569-08B17BC7364E}
		{CED6A4A2-EA0C-4E99-A70B-27433E5CF603} = {A83FFD0D-C686-4FAF-9569-08B17BC7364E}
		{F1215BA1-E4AE-429F-800E-EE4E714A90A1} = {A83FFD0D-C686-4FAF-9569-08B17BC7364E}
		{110394CD-9C92-4307-9C8F-ACAD99E87E9A} = {A83FFD0D-C686-4FAF-9569-08B17BC7364E}
		{A057BBFC-2BCD-481F-B842-598964932F7C} = {A83FFD0D-C686-4FAF-9569-08B17BC7364E}
		{01355C33-D7A2-49DA-A969-C7110E39965C} = {A83FFD0D-C686-4FAF-9569-08B17BC7364E}
	EndGlobalSection
EndGlobal
