<?xml version="1.0" encoding="utf-8"?>
<Project ToolsVersion="4.0" xmlns="http://schemas.microsoft.com/developer/msbuild/2003">
  <ItemGroup>
    <Filter Include="Headers">
      <UniqueIdentifier>{76a5893d-7822-4517-8b6a-f122b8aa6038}</UniqueIdentifier>
    </Filter>
    <Filter Include="Sources">
      <UniqueIdentifier>{08c0cecc-c791-4785-a575-9cad38c15355}</UniqueIdentifier>
    </Filter>
  </ItemGroup>
  <ItemGroup>
    <ClInclude Include="..\..\include\opencv2\cvconfig.h" />
    <ClInclude Include="..\..\include\opencv2\opencv_modules.hpp" />
    <ClInclude Include="cap_dshow.hpp">
      <Filter>Headers</Filter>
    </ClInclude>
    <ClInclude Include="cap_ffmpeg_api.hpp">
      <Filter>Headers</Filter>
    </ClInclude>
    <ClInclude Include="cap_ffmpeg_impl.hpp">
      <Filter>Headers</Filter>
    </ClInclude>
    <ClInclude Include="cap_intelperc.hpp">
      <Filter>Headers</Filter>
    </ClInclude>
    <ClInclude Include="cap_msmf.hpp">
      <Filter>Headers</Filter>
    </ClInclude>
    <ClInclude Include="cap_winrt_bridge.hpp">
      <Filter>Headers</Filter>
    </ClInclude>
    <ClInclude Include="cap_winrt_capture.hpp">
      <Filter>Headers</Filter>
    </ClInclude>
    <ClInclude Include="cap_winrt_video.hpp">
      <Filter>Headers</Filter>
    </ClInclude>
    <ClInclude Include="ffmpeg_codecs.hpp">
      <Filter>Headers</Filter>
    </ClInclude>
    <ClInclude Include="precomp.hpp">
      <Filter>Headers</Filter>
    </ClInclude>
    <ClInclude Include="wrl.h">
      <Filter>Headers</Filter>
    </ClInclude>
  </ItemGroup>
  <ItemGroup>
    <ClCompile Include="cap.cpp">
      <Filter>Sources</Filter>
    </ClCompile>
    <ClCompile Include="cap_ffmpeg.cpp">
      <Filter>Sources</Filter>
    </ClCompile>
    <ClCompile Include="cap_images.cpp">
      <Filter>Sources</Filter>
    </ClCompile>
    <ClCompile Include="cap_mjpeg_decoder.cpp">
      <Filter>Sources</Filter>
    </ClCompile>
    <ClCompile Include="cap_mjpeg_encoder.cpp">
      <Filter>Sources</Filter>
    </ClCompile>
    <ClCompile Include="precomp.cpp">
      <Filter>Sources</Filter>
    </ClCompile>
    <ClCompile Include="cap_v4l.cpp">
      <Filter>Sources</Filter>
    </ClCompile>
  </ItemGroup>
</Project>